<?xml version="1.0" encoding="utf-8"?>
<Project ToolsVersion="4.0" xmlns="http://schemas.microsoft.com/developer/msbuild/2003">
  <ItemGroup>
    <Filter Include="Source Files">
      <UniqueIdentifier>{4FC737F1-C7A5-4376-A066-2A32D752A2FF}</UniqueIdentifier>
      <Extensions>cpp;c;cc;cxx;c++;cppm;ixx;def;odl;idl;hpj;bat;asm;asmx</Extensions>
    </Filter>
    <Filter Include="Header Files">
      <UniqueIdentifier>{93995380-89BD-4b04-88EB-625FBE52EBFB}</UniqueIdentifier>
      <Extensions>h;hh;hpp;hxx;h++;hm;inl;inc;ipp;xsd</Extensions>
    </Filter>
    <Filter Include="Resource Files">
      <UniqueIdentifier>{67DA6AB6-F800-4c08-8B7A-83BB121AAD01}</UniqueIdentifier>
      <Extensions>rc;ico;cur;bmp;dlg;rc2;rct;bin;rgs;gif;jpg;jpeg;jpe;resx;tiff;tif;png;wav;mfcribbon-ms</Extensions>
    </Filter>
    <Filter Include="Header Files\Libraries">
      <UniqueIdentifier>{c02cefbf-9a68-42bf-987b-8bf555793c5a}</UniqueIdentifier>
    </Filter>
    <Filter Include="Header Files\UI">
      <UniqueIdentifier>{d818cd52-b0c9-446c-aea2-afe9eb33cdec}</UniqueIdentifier>
    </Filter>
    <Filter Include="Header Files\Typo">
      <UniqueIdentifier>{24088446-c982-4c34-8e68-96b23c2a0f02}</UniqueIdentifier>
    </Filter>
    <Filter Include="Source Files\Libraries">
      <UniqueIdentifier>{0f091b59-16e3-4571-8c4d-f94db2780b16}</UniqueIdentifier>
    </Filter>
    <Filter Include="Header Files\Scenes">
      <UniqueIdentifier>{54bc51f3-985b-4415-9bbd-9c22f337ec67}</UniqueIdentifier>
    </Filter>
    <Filter Include="Source Files\Typo">
      <UniqueIdentifier>{caed8bc5-480b-45e0-9714-8ae1feec7433}</UniqueIdentifier>
    </Filter>
    <Filter Include="Source Files\Scenes">
      <UniqueIdentifier>{8cb1803f-fe86-44a3-8642-761ae72384d6}</UniqueIdentifier>
    </Filter>
    <Filter Include="Source Files\UI">
      <UniqueIdentifier>{7d6fed81-3d2e-4c2e-99c4-5d4e10d3bd02}</UniqueIdentifier>
    </Filter>
    <Filter Include="Header Files\Scenes\MainScene Components">
      <UniqueIdentifier>{78dbc313-1b7f-4603-bd85-d77471bb19f7}</UniqueIdentifier>
    </Filter>
    <Filter Include="Source Files\Scenes\MainScene Components">
      <UniqueIdentifier>{62387ee1-2b03-4a11-9099-eabf7ad0442d}</UniqueIdentifier>
    </Filter>
  </ItemGroup>
  <ItemGroup>
    <ClCompile Include="Main.cpp">
      <Filter>Source Files</Filter>
    </ClCompile>
    <ClCompile Include="Color.cpp">
      <Filter>Source Files\Libraries</Filter>
    </ClCompile>
    <ClCompile Include="FileIO.cpp">
      <Filter>Source Files\Libraries</Filter>
    </ClCompile>
    <ClCompile Include="Log.cpp">
      <Filter>Source Files\Libraries</Filter>
    </ClCompile>
    <ClCompile Include="Texture.cpp">
      <Filter>Source Files\Libraries</Filter>
    </ClCompile>
    <ClCompile Include="Transition.cpp">
      <Filter>Source Files\Libraries</Filter>
    </ClCompile>
    <ClCompile Include="UI_Window.cpp">
      <Filter>Source Files\UI</Filter>
    </ClCompile>
    <ClCompile Include="Status.cpp">
      <Filter>Source Files\UI</Filter>
    </ClCompile>
    <ClCompile Include="Scene.cpp">
      <Filter>Source Files\Scenes</Filter>
    </ClCompile>
    <ClCompile Include="IntroScene.cpp">
      <Filter>Source Files\Scenes</Filter>
    </ClCompile>
    <ClCompile Include="MainScene.cpp">
      <Filter>Source Files\Scenes</Filter>
    </ClCompile>
    <ClCompile Include="Component.cpp">
      <Filter>Source Files\Scenes</Filter>
    </ClCompile>
    <ClCompile Include="MenuComponent.cpp">
      <Filter>Source Files\Scenes\MainScene Components</Filter>
    </ClCompile>
    <ClCompile Include="SettingComponent.cpp">
      <Filter>Source Files\Scenes\MainScene Components</Filter>
    </ClCompile>
    <ClCompile Include="ScreenComponent.cpp">
      <Filter>Source Files\Scenes\MainScene Components</Filter>
    </ClCompile>
    <ClCompile Include="MotionListComponent.cpp">
      <Filter>Source Files\Scenes\MainScene Components</Filter>
    </ClCompile>
    <ClCompile Include="TimelineComponent.cpp">
      <Filter>Source Files\Scenes\MainScene Components</Filter>
    </ClCompile>
    <ClCompile Include="Button.cpp">
      <Filter>Source Files\UI</Filter>
    </ClCompile>
    <ClCompile Include="MotionStatus.cpp">
      <Filter>Source Files\Typo</Filter>
    </ClCompile>
    <ClCompile Include="SoftwareStatus.cpp">
      <Filter>Source Files\Typo</Filter>
    </ClCompile>
    <ClCompile Include="TextInputScene.cpp">
      <Filter>Source Files\Scenes</Filter>
    </ClCompile>
    <ClCompile Include="NumberInput.cpp">
      <Filter>Source Files\UI</Filter>
    </ClCompile>
  </ItemGroup>
  <ItemGroup>
    <ClInclude Include="Config.h">
      <Filter>Header Files</Filter>
    </ClInclude>
    <ClInclude Include="Color.h">
      <Filter>Header Files\Libraries</Filter>
    </ClInclude>
    <ClInclude Include="FileIO.h">
      <Filter>Header Files\Libraries</Filter>
    </ClInclude>
    <ClInclude Include="Log.h">
      <Filter>Header Files\Libraries</Filter>
    </ClInclude>
    <ClInclude Include="Texture.h">
      <Filter>Header Files\Libraries</Filter>
    </ClInclude>
    <ClInclude Include="Transition.h">
      <Filter>Header Files\Libraries</Filter>
    </ClInclude>
    <ClInclude Include="UI_Element.h">
      <Filter>Header Files\UI</Filter>
    </ClInclude>
    <ClInclude Include="Scene.h">
      <Filter>Header Files\Scenes</Filter>
    </ClInclude>
    <ClInclude Include="IntroScene.h">
      <Filter>Header Files\Scenes</Filter>
    </ClInclude>
    <ClInclude Include="Status.h">
      <Filter>Header Files\UI</Filter>
    </ClInclude>
    <ClInclude Include="UI_Window.h">
      <Filter>Header Files\UI</Filter>
    </ClInclude>
    <ClInclude Include="MainScene.h">
      <Filter>Header Files\Scenes</Filter>
    </ClInclude>
    <ClInclude Include="Component.h">
      <Filter>Header Files\Scenes</Filter>
    </ClInclude>
    <ClInclude Include="SoftwareStatus.h">
      <Filter>Header Files\Typo</Filter>
    </ClInclude>
    <ClInclude Include="MenuComponent.h">
      <Filter>Header Files\Scenes\MainScene Components</Filter>
    </ClInclude>
    <ClInclude Include="resource.h">
      <Filter>Header Files</Filter>
    </ClInclude>
    <ClInclude Include="SettingComponent.h">
      <Filter>Header Files\Scenes\MainScene Components</Filter>
    </ClInclude>
    <ClInclude Include="ScreenComponent.h">
      <Filter>Header Files\Scenes\MainScene Components</Filter>
    </ClInclude>
    <ClInclude Include="MotionListComponent.h">
      <Filter>Header Files\Scenes\MainScene Components</Filter>
    </ClInclude>
    <ClInclude Include="TimelineComponent.h">
      <Filter>Header Files\Scenes\MainScene Components</Filter>
    </ClInclude>
    <ClInclude Include="TypoStatus.h">
      <Filter>Header Files\Typo</Filter>
    </ClInclude>
    <ClInclude Include="MotionStatus.h">
      <Filter>Header Files\Typo</Filter>
    </ClInclude>
    <ClInclude Include="Button.h">
      <Filter>Header Files\UI</Filter>
    </ClInclude>
    <ClInclude Include="TextInputScene.h">
      <Filter>Header Files\Scenes</Filter>
    </ClInclude>
    <ClInclude Include="NumberInput.h">
      <Filter>Header Files\UI</Filter>
    </ClInclude>
  </ItemGroup>
  <ItemGroup>
    <ResourceCompile Include="ADOFAI_Typographer.rc">
      <Filter>Resource Files</Filter>
    </ResourceCompile>
  </ItemGroup>
  <ItemGroup>
    <Image Include="Icon\icon.ico">
      <Filter>Resource Files</Filter>
    </Image>
  </ItemGroup>
</Project>